
Microsoft Visual Studio Solution File, Format Version 12.00
# Visual Studio 15
VisualStudioVersion = 15.0.28307.489
MinimumVisualStudioVersion = 10.0.40219.1
Project("{FAE04EC0-301F-11D3-BF4B-00C04F79EFBC}") = "MyStack", "MyStack\MyStack.csproj", "{8C35371F-28DB-41D6-A3D3-876FB541957C}"
EndProject
Project("{FAE04EC0-301F-11D3-BF4B-00C04F79EFBC}") = "UnitTests", "UnitTests\UnitTests.csproj", "{99B369D8-00E3-415D-9C3E-3734A09FB11C}"
EndProject
Project("{FAE04EC0-301F-11D3-BF4B-00C04F79EFBC}") = "TimeCheck", "TimeCheck\TimeCheck.csproj", "{32907A8A-A0F8-438C-AC34-41B930A10627}"
EndProject
Global
	GlobalSection(SolutionConfigurationPlatforms) = preSolution
		Debug|Any CPU = Debug|Any CPU
		Release|Any CPU = Release|Any CPU
	EndGlobalSection
	GlobalSection(ProjectConfigurationPlatforms) = postSolution
		{8C35371F-28DB-41D6-A3D3-876FB541957C}.Debug|Any CPU.ActiveCfg = Debug|Any CPU
		{8C35371F-28DB-41D6-A3D3-876FB541957C}.Debug|Any CPU.Build.0 = Debug|Any CPU
		{8C35371F-28DB-41D6-A3D3-876FB541957C}.Release|Any CPU.ActiveCfg = Release|Any CPU
		{8C35371F-28DB-41D6-A3D3-876FB541957C}.Release|Any CPU.Build.0 = Release|Any CPU
		{99B369D8-00E3-415D-9C3E-3734A09FB11C}.Debug|Any CPU.ActiveCfg = Debug|Any CPU
		{99B369D8-00E3-415D-9C3E-3734A09FB11C}.Debug|Any CPU.Build.0 = Debug|Any CPU
		{99B369D8-00E3-415D-9C3E-3734A09FB11C}.Release|Any CPU.ActiveCfg = Release|Any CPU
		{99B369D8-00E3-415D-9C3E-3734A09FB11C}.Release|Any CPU.Build.0 = Release|Any CPU
		{32907A8A-A0F8-438C-AC34-41B930A10627}.Debug|Any CPU.ActiveCfg = Debug|Any CPU
		{32907A8A-A0F8-438C-AC34-41B930A10627}.Debug|Any CPU.Build.0 = Debug|Any CPU
		{32907A8A-A0F8-438C-AC34-41B930A10627}.Release|Any CPU.ActiveCfg = Release|Any CPU
		{32907A8A-A0F8-438C-AC34-41B930A10627}.Release|Any CPU.Build.0 = Release|Any CPU
	EndGlobalSection
	GlobalSection(SolutionProperties) = preSolution
		HideSolutionNode = FALSE
	EndGlobalSection
	GlobalSection(ExtensibilityGlobals) = postSolution
		SolutionGuid = {F20D1175-2BA7-4A52-B4D9-1F13A9938075}
	EndGlobalSection
EndGlobal
